// !$*UTF8*$!
{
	archiveVersion = 1;
	classes = {
	};
	objectVersion = 50;
	objects = {

/* Begin PBXBuildFile section */
		352A4F9420FD1C9700AED264 /* AppDelegate.swift in Sources */ = {isa = PBXBuildFile; fileRef = 352A4F9320FD1C9700AED264 /* AppDelegate.swift */; };
		352A4F9620FD1C9700AED264 /* ViewController.swift in Sources */ = {isa = PBXBuildFile; fileRef = 352A4F9520FD1C9700AED264 /* ViewController.swift */; };
		352A4F9920FD1C9700AED264 /* Main.storyboard in Resources */ = {isa = PBXBuildFile; fileRef = 352A4F9720FD1C9700AED264 /* Main.storyboard */; };
		352A4F9B20FD1C9800AED264 /* Assets.xcassets in Resources */ = {isa = PBXBuildFile; fileRef = 352A4F9A20FD1C9800AED264 /* Assets.xcassets */; };
		352A4F9E20FD1C9800AED264 /* LaunchScreen.storyboard in Resources */ = {isa = PBXBuildFile; fileRef = 352A4F9C20FD1C9800AED264 /* LaunchScreen.storyboard */; };
		3537632020FE5CDC00664F89 /* FormulaViewController.swift in Sources */ = {isa = PBXBuildFile; fileRef = 3537631F20FE5CDC00664F89 /* FormulaViewController.swift */; };
		3537632620FE64E800664F89 /* VariableCellView.swift in Sources */ = {isa = PBXBuildFile; fileRef = 3537632520FE64E800664F89 /* VariableCellView.swift */; };
		355A233A20FD95DC0086191B /* AddVariablesViewController.swift in Sources */ = {isa = PBXBuildFile; fileRef = 355A233920FD95DC0086191B /* AddVariablesViewController.swift */; };
		D330475320FE699500A1C8F9 /* VariableTableViewCell.swift in Sources */ = {isa = PBXBuildFile; fileRef = D330475220FE699500A1C8F9 /* VariableTableViewCell.swift */; };
/* End PBXBuildFile section */

/* Begin PBXFileReference section */
		352A4F9020FD1C9700AED264 /* Wolfram-Omega.app */ = {isa = PBXFileReference; explicitFileType = wrapper.application; includeInIndex = 0; path = "Wolfram-Omega.app"; sourceTree = BUILT_PRODUCTS_DIR; };
		352A4F9320FD1C9700AED264 /* AppDelegate.swift */ = {isa = PBXFileReference; lastKnownFileType = sourcecode.swift; path = AppDelegate.swift; sourceTree = "<group>"; };
		352A4F9520FD1C9700AED264 /* ViewController.swift */ = {isa = PBXFileReference; lastKnownFileType = sourcecode.swift; path = ViewController.swift; sourceTree = "<group>"; };
		352A4F9820FD1C9700AED264 /* Base */ = {isa = PBXFileReference; lastKnownFileType = file.storyboard; name = Base; path = Base.lproj/Main.storyboard; sourceTree = "<group>"; };
		352A4F9A20FD1C9800AED264 /* Assets.xcassets */ = {isa = PBXFileReference; lastKnownFileType = folder.assetcatalog; path = Assets.xcassets; sourceTree = "<group>"; };
		352A4F9D20FD1C9800AED264 /* Base */ = {isa = PBXFileReference; lastKnownFileType = file.storyboard; name = Base; path = Base.lproj/LaunchScreen.storyboard; sourceTree = "<group>"; };
		352A4F9F20FD1C9800AED264 /* Info.plist */ = {isa = PBXFileReference; lastKnownFileType = text.plist.xml; path = Info.plist; sourceTree = "<group>"; };
		3537631F20FE5CDC00664F89 /* FormulaViewController.swift */ = {isa = PBXFileReference; lastKnownFileType = sourcecode.swift; path = FormulaViewController.swift; sourceTree = "<group>"; };
		3537632520FE64E800664F89 /* VariableCellView.swift */ = {isa = PBXFileReference; lastKnownFileType = sourcecode.swift; path = VariableCellView.swift; sourceTree = "<group>"; };
		355A233920FD95DC0086191B /* AddVariablesViewController.swift */ = {isa = PBXFileReference; lastKnownFileType = sourcecode.swift; path = AddVariablesViewController.swift; sourceTree = "<group>"; };
		D330475220FE699500A1C8F9 /* VariableTableViewCell.swift */ = {isa = PBXFileReference; lastKnownFileType = sourcecode.swift; path = VariableTableViewCell.swift; sourceTree = "<group>"; };
/* End PBXFileReference section */

/* Begin PBXFrameworksBuildPhase section */
		352A4F8D20FD1C9700AED264 /* Frameworks */ = {
			isa = PBXFrameworksBuildPhase;
			buildActionMask = 2147483647;
			files = (
			);
			runOnlyForDeploymentPostprocessing = 0;
		};
/* End PBXFrameworksBuildPhase section */

/* Begin PBXGroup section */
		352A4F8720FD1C9700AED264 = {
			isa = PBXGroup;
			children = (
				352A4F9220FD1C9700AED264 /* Wolfram-Omega */,
				352A4F9120FD1C9700AED264 /* Products */,
			);
			sourceTree = "<group>";
		};
		352A4F9120FD1C9700AED264 /* Products */ = {
			isa = PBXGroup;
			children = (
				352A4F9020FD1C9700AED264 /* Wolfram-Omega.app */,
			);
			name = Products;
			sourceTree = "<group>";
		};
		352A4F9220FD1C9700AED264 /* Wolfram-Omega */ = {
			isa = PBXGroup;
			children = (
				3537632520FE64E800664F89 /* VariableCellView.swift */,
				D330475120FE697200A1C8F9 /* Views */,
				355A233820FD95BD0086191B /* Controllers */,
				352A4F9320FD1C9700AED264 /* AppDelegate.swift */,
				352A4F9720FD1C9700AED264 /* Main.storyboard */,
				352A4F9A20FD1C9800AED264 /* Assets.xcassets */,
				352A4F9C20FD1C9800AED264 /* LaunchScreen.storyboard */,
				352A4F9F20FD1C9800AED264 /* Info.plist */,
			);
			path = "Wolfram-Omega";
			sourceTree = "<group>";
		};
		355A233820FD95BD0086191B /* Controllers */ = {
			isa = PBXGroup;
			children = (
				352A4F9520FD1C9700AED264 /* ViewController.swift */,
				355A233920FD95DC0086191B /* AddVariablesViewController.swift */,
				3537631F20FE5CDC00664F89 /* FormulaViewController.swift */,
			);
			path = Controllers;
			sourceTree = "<group>";
		};
		D330475120FE697200A1C8F9 /* Views */ = {
			isa = PBXGroup;
			children = (
				D330475220FE699500A1C8F9 /* VariableTableViewCell.swift */,
			);
			path = Views;
			sourceTree = "<group>";
		};
/* End PBXGroup section */

/* Begin PBXNativeTarget section */
		352A4F8F20FD1C9700AED264 /* Wolfram-Omega */ = {
			isa = PBXNativeTarget;
			buildConfigurationList = 352A4FA220FD1C9800AED264 /* Build configuration list for PBXNativeTarget "Wolfram-Omega" */;
			buildPhases = (
				352A4F8C20FD1C9700AED264 /* Sources */,
				352A4F8D20FD1C9700AED264 /* Frameworks */,
				352A4F8E20FD1C9700AED264 /* Resources */,
			);
			buildRules = (
			);
			dependencies = (
			);
			name = "Wolfram-Omega";
			productName = "Wolfram-Omega";
			productReference = 352A4F9020FD1C9700AED264 /* Wolfram-Omega.app */;
			productType = "com.apple.product-type.application";
		};
/* End PBXNativeTarget section */

/* Begin PBXProject section */
		352A4F8820FD1C9700AED264 /* Project object */ = {
			isa = PBXProject;
			attributes = {
				LastSwiftUpdateCheck = 0940;
				LastUpgradeCheck = 0940;
				ORGANIZATIONNAME = "Ayesha Nabiha";
				TargetAttributes = {
					352A4F8F20FD1C9700AED264 = {
						CreatedOnToolsVersion = 9.4.1;
					};
				};
			};
			buildConfigurationList = 352A4F8B20FD1C9700AED264 /* Build configuration list for PBXProject "Wolfram-Omega" */;
			compatibilityVersion = "Xcode 9.3";
			developmentRegion = en;
			hasScannedForEncodings = 0;
			knownRegions = (
				en,
				Base,
			);
			mainGroup = 352A4F8720FD1C9700AED264;
			productRefGroup = 352A4F9120FD1C9700AED264 /* Products */;
			projectDirPath = "";
			projectRoot = "";
			targets = (
				352A4F8F20FD1C9700AED264 /* Wolfram-Omega */,
			);
		};
/* End PBXProject section */

/* Begin PBXResourcesBuildPhase section */
		352A4F8E20FD1C9700AED264 /* Resources */ = {
			isa = PBXResourcesBuildPhase;
			buildActionMask = 2147483647;
			files = (
				352A4F9E20FD1C9800AED264 /* LaunchScreen.storyboard in Resources */,
				352A4F9B20FD1C9800AED264 /* Assets.xcassets in Resources */,
				352A4F9920FD1C9700AED264 /* Main.storyboard in Resources */,
			);
			runOnlyForDeploymentPostprocessing = 0;
		};
/* End PBXResourcesBuildPhase section */

/* Begin PBXSourcesBuildPhase section */
		352A4F8C20FD1C9700AED264 /* Sources */ = {
			isa = PBXSourcesBuildPhase;
			buildActionMask = 2147483647;
			files = (
				D330475320FE699500A1C8F9 /* VariableTableViewCell.swift in Sources */,
				352A4F9620FD1C9700AED264 /* ViewController.swift in Sources */,
				352A4F9420FD1C9700AED264 /* AppDelegate.swift in Sources */,
				3537632620FE64E800664F89 /* VariableCellView.swift in Sources */,
				355A233A20FD95DC0086191B /* AddVariablesViewController.swift in Sources */,
				3537632020FE5CDC00664F89 /* FormulaViewController.swift in Sources */,
			);
			runOnlyForDeploymentPostprocessing = 0;
		};
/* End PBXSourcesBuildPhase section */

/* Begin PBXVariantGroup section */
		352A4F9720FD1C9700AED264 /* Main.storyboard */ = {
			isa = PBXVariantGroup;
			children = (
				352A4F9820FD1C9700AED264 /* Base */,
			);
			name = Main.storyboard;
			sourceTree = "<group>";
		};
		352A4F9C20FD1C9800AED264 /* LaunchScreen.storyboard */ = {
			isa = PBXVariantGroup;
			children = (
				352A4F9D20FD1C9800AED264 /* Base */,
			);
			name = LaunchScreen.storyboard;
			sourceTree = "<group>";
		};
/* End PBXVariantGroup section */

/* Begin XCBuildConfiguration section */
		352A4FA020FD1C9800AED264 /* Debug */ = {
			isa = XCBuildConfiguration;
			buildSettings = {
				ALWAYS_SEARCH_USER_PATHS = NO;
				CLANG_ANALYZER_NONNULL = YES;
				CLANG_ANALYZER_NUMBER_OBJECT_CONVERSION = YES_AGGRESSIVE;
				CLANG_CXX_LANGUAGE_STANDARD = "gnu++14";
				CLANG_CXX_LIBRARY = "libc++";
				CLANG_ENABLE_MODULES = YES;
				CLANG_ENABLE_OBJC_ARC = YES;
				CLANG_ENABLE_OBJC_WEAK = YES;
				CLANG_WARN_BLOCK_CAPTURE_AUTORELEASING = YES;
				CLANG_WARN_BOOL_CONVERSION = YES;
				CLANG_WARN_COMMA = YES;
				CLANG_WARN_CONSTANT_CONVERSION = YES;
				CLANG_WARN_DEPRECATED_OBJC_IMPLEMENTATIONS = YES;
				CLANG_WARN_DIRECT_OBJC_ISA_USAGE = YES_ERROR;
				CLANG_WARN_DOCUMENTATION_COMMENTS = YES;
				CLANG_WARN_EMPTY_BODY = YES;
				CLANG_WARN_ENUM_CONVERSION = YES;
				CLANG_WARN_INFINITE_RECURSION = YES;
				CLANG_WARN_INT_CONVERSION = YES;
				CLANG_WARN_NON_LITERAL_NULL_CONVERSION = YES;
				CLANG_WARN_OBJC_IMPLICIT_RETAIN_SELF = YES;
				CLANG_WARN_OBJC_LITERAL_CONVERSION = YES;
				CLANG_WARN_OBJC_ROOT_CLASS = YES_ERROR;
				CLANG_WARN_RANGE_LOOP_ANALYSIS = YES;
				CLANG_WARN_STRICT_PROTOTYPES = YES;
				CLANG_WARN_SUSPICIOUS_MOVE = YES;
				CLANG_WARN_UNGUARDED_AVAILABILITY = YES_AGGRESSIVE;
				CLANG_WARN_UNREACHABLE_CODE = YES;
				CLANG_WARN__DUPLICATE_METHOD_MATCH = YES;
				CODE_SIGN_IDENTITY = "iPhone Developer";
				COPY_PHASE_STRIP = NO;
				DEBUG_INFORMATION_FORMAT = dwarf;
				ENABLE_STRICT_OBJC_MSGSEND = YES;
				ENABLE_TESTABILITY = YES;
				GCC_C_LANGUAGE_STANDARD = gnu11;
				GCC_DYNAMIC_NO_PIC = NO;
				GCC_NO_COMMON_BLOCKS = YES;
				GCC_OPTIMIZATION_LEVEL = 0;
				GCC_PREPROCESSOR_DEFINITIONS = (
					"DEBUG=1",
					"$(inherited)",
				);
				GCC_WARN_64_TO_32_BIT_CONVERSION = YES;
				GCC_WARN_ABOUT_RETURN_TYPE = YES_ERROR;
				GCC_WARN_UNDECLARED_SELECTOR = YES;
				GCC_WARN_UNINITIALIZED_AUTOS = YES_AGGRESSIVE;
				GCC_WARN_UNUSED_FUNCTION = YES;
				GCC_WARN_UNUSED_VARIABLE = YES;
				IPHONEOS_DEPLOYMENT_TARGET = 11.4;
				MTL_ENABLE_DEBUG_INFO = YES;
				ONLY_ACTIVE_ARCH = YES;
				SDKROOT = iphoneos;
				SWIFT_ACTIVE_COMPILATION_CONDITIONS = DEBUG;
				SWIFT_OPTIMIZATION_LEVEL = "-Onone";
			};
			name = Debug;
		};
		352A4FA120FD1C9800AED264 /* Release */ = {
			isa = XCBuildConfiguration;
			buildSettings = {
				ALWAYS_SEARCH_USER_PATHS = NO;
				CLANG_ANALYZER_NONNULL = YES;
				CLANG_ANALYZER_NUMBER_OBJECT_CONVERSION = YES_AGGRESSIVE;
				CLANG_CXX_LANGUAGE_STANDARD = "gnu++14";
				CLANG_CXX_LIBRARY = "libc++";
				CLANG_ENABLE_MODULES = YES;
				CLANG_ENABLE_OBJC_ARC = YES;
				CLANG_ENABLE_OBJC_WEAK = YES;
				CLANG_WARN_BLOCK_CAPTURE_AUTORELEASING = YES;
				CLANG_WARN_BOOL_CONVERSION = YES;
				CLANG_WARN_COMMA = YES;
				CLANG_WARN_CONSTANT_CONVERSION = YES;
				CLANG_WARN_DEPRECATED_OBJC_IMPLEMENTATIONS = YES;
				CLANG_WARN_DIRECT_OBJC_ISA_USAGE = YES_ERROR;
				CLANG_WARN_DOCUMENTATION_COMMENTS = YES;
				CLANG_WARN_EMPTY_BODY = YES;
				CLANG_WARN_ENUM_CONVERSION = YES;
				CLANG_WARN_INFINITE_RECURSION = YES;
				CLANG_WARN_INT_CONVERSION = YES;
				CLANG_WARN_NON_LITERAL_NULL_CONVERSION = YES;
				CLANG_WARN_OBJC_IMPLICIT_RETAIN_SELF = YES;
				CLANG_WARN_OBJC_LITERAL_CONVERSION = YES;
				CLANG_WARN_OBJC_ROOT_CLASS = YES_ERROR;
				CLANG_WARN_RANGE_LOOP_ANALYSIS = YES;
				CLANG_WARN_STRICT_PROTOTYPES = YES;
				CLANG_WARN_SUSPICIOUS_MOVE = YES;
				CLANG_WARN_UNGUARDED_AVAILABILITY = YES_AGGRESSIVE;
				CLANG_WARN_UNREACHABLE_CODE = YES;
				CLANG_WARN__DUPLICATE_METHOD_MATCH = YES;
				CODE_SIGN_IDENTITY = "iPhone Developer";
				COPY_PHASE_STRIP = NO;
				DEBUG_INFORMATION_FORMAT = "dwarf-with-dsym";
				ENABLE_NS_ASSERTIONS = NO;
				ENABLE_STRICT_OBJC_MSGSEND = YES;
				GCC_C_LANGUAGE_STANDARD = gnu11;
				GCC_NO_COMMON_BLOCKS = YES;
				GCC_WARN_64_TO_32_BIT_CONVERSION = YES;
				GCC_WARN_ABOUT_RETURN_TYPE = YES_ERROR;
				GCC_WARN_UNDECLARED_SELECTOR = YES;
				GCC_WARN_UNINITIALIZED_AUTOS = YES_AGGRESSIVE;
				GCC_WARN_UNUSED_FUNCTION = YES;
				GCC_WARN_UNUSED_VARIABLE = YES;
				IPHONEOS_DEPLOYMENT_TARGET = 11.4;
				MTL_ENABLE_DEBUG_INFO = NO;
				SDKROOT = iphoneos;
				SWIFT_COMPILATION_MODE = wholemodule;
				SWIFT_OPTIMIZATION_LEVEL = "-O";
				VALIDATE_PRODUCT = YES;
			};
			name = Release;
		};
		352A4FA320FD1C9800AED264 /* Debug */ = {
			isa = XCBuildConfiguration;
			buildSettings = {
				ASSETCATALOG_COMPILER_APPICON_NAME = AppIcon;
				CODE_SIGN_STYLE = Automatic;
				DEVELOPMENT_TEAM = "";
				INFOPLIST_FILE = "Wolfram-Omega/Info.plist";
				LD_RUNPATH_SEARCH_PATHS = (
					"$(inherited)",
					"@executable_path/Frameworks",
				);
				PRODUCT_BUNDLE_IDENTIFIER = "com.AyeshaNabiha.Wolfram-Omega";
				PRODUCT_NAME = "$(TARGET_NAME)";
				SWIFT_VERSION = 4.0;
				TARGETED_DEVICE_FAMILY = "1,2";
			};
			name = Debug;
		};
		352A4FA420FD1C9800AED264 /* Release */ = {
			isa = XCBuildConfiguration;
			buildSettings = {
				ASSETCATALOG_COMPILER_APPICON_NAME = AppIcon;
				CODE_SIGN_STYLE = Automatic;
				DEVELOPMENT_TEAM = "";
				INFOPLIST_FILE = "Wolfram-Omega/Info.plist";
				LD_RUNPATH_SEARCH_PATHS = (
					"$(inherited)",
					"@executable_path/Frameworks",
				);
				PRODUCT_BUNDLE_IDENTIFIER = "com.AyeshaNabiha.Wolfram-Omega";
				PRODUCT_NAME = "$(TARGET_NAME)";
				SWIFT_VERSION = 4.0;
				TARGETED_DEVICE_FAMILY = "1,2";
			};
			name = Release;
		};
/* End XCBuildConfiguration section */

/* Begin XCConfigurationList section */
		352A4F8B20FD1C9700AED264 /* Build configuration list for PBXProject "Wolfram-Omega" */ = {
			isa = XCConfigurationList;
			buildConfigurations = (
				352A4FA020FD1C9800AED264 /* Debug */,
				352A4FA120FD1C9800AED264 /* Release */,
			);
			defaultConfigurationIsVisible = 0;
			defaultConfigurationName = Release;
		};
		352A4FA220FD1C9800AED264 /* Build configuration list for PBXNativeTarget "Wolfram-Omega" */ = {
			isa = XCConfigurationList;
			buildConfigurations = (
				352A4FA320FD1C9800AED264 /* Debug */,
				352A4FA420FD1C9800AED264 /* Release */,
			);
			defaultConfigurationIsVisible = 0;
			defaultConfigurationName = Release;
		};
/* End XCConfigurationList section */
	};
	rootObject = 352A4F8820FD1C9700AED264 /* Project object */;
}
